# This file was autogenerated by Stack.
# You should not edit this file by hand.
# For more information, please see the documentation at:
#   https://docs.haskellstack.org/en/stable/lock_files

packages:
- completed:
    subdir: core
    name: gogol-core
    version: 0.5.0
    git: https://github.com/brendanhay/gogol.git
    pantry-tree:
      size: 732
      sha256: 1cf97a788d6c3a804a9287bcb3c17a92ac93f9ab1f44cad6c9ad7be4a6653275
    commit: 797a2672b4652a1764d61a313939a2050ff0ed7f
  original:
    subdir: core
    git: https://github.com/brendanhay/gogol.git
    commit: 797a2672b4652a1764d61a313939a2050ff0ed7f
- completed:
    subdir: gogol
    name: gogol
    version: 0.5.0
    git: https://github.com/brendanhay/gogol.git
    pantry-tree:
      size: 1289
      sha256: 3986b88546250d4325d87be555fde73a52487694afc286e995d8d31dfd8b1b94
    commit: 797a2672b4652a1764d61a313939a2050ff0ed7f
  original:
    subdir: gogol
    git: https://github.com/brendanhay/gogol.git
    commit: 797a2672b4652a1764d61a313939a2050ff0ed7f
- completed:
    subdir: gogol-logging
    name: gogol-logging
    version: 0.5.0
    git: https://github.com/brendanhay/gogol.git
    pantry-tree:
      size: 7969
      sha256: 140e60d7d2773e876f9b46af3094b8e025b7394bef45ce0a5e3ce6b688cb9c13
    commit: 797a2672b4652a1764d61a313939a2050ff0ed7f
  original:
    subdir: gogol-logging
    git: https://github.com/brendanhay/gogol.git
    commit: 797a2672b4652a1764d61a313939a2050ff0ed7f
- completed:
    subdir: gogol-pubsub
    name: gogol-pubsub
    version: 0.5.0
    git: https://github.com/brendanhay/gogol.git
    pantry-tree:
      size: 4053
      sha256: ceb61d8a96896ac2cce79ec4d8db93da744f7efc73ee343fc3df83d888779e2d
    commit: 797a2672b4652a1764d61a313939a2050ff0ed7f
  original:
    subdir: gogol-pubsub
    git: https://github.com/brendanhay/gogol.git
    commit: 797a2672b4652a1764d61a313939a2050ff0ed7f
- completed:
    subdir: gogol-cloudtrace
    name: gogol-cloudtrace
    version: 0.5.0
    git: https://github.com/brendanhay/gogol.git
    pantry-tree:
      size: 852
      sha256: 59c3eedbc47774369737deb1ca28ac75245c5a32e06e1a3b405068b20e9384c1
    commit: 797a2672b4652a1764d61a313939a2050ff0ed7f
  original:
    subdir: gogol-cloudtrace
    git: https://github.com/brendanhay/gogol.git
    commit: 797a2672b4652a1764d61a313939a2050ff0ed7f
- completed:
    subdir: gogol-monitoring
    name: gogol-monitoring
    version: 0.5.0
    git: https://github.com/brendanhay/gogol.git
    pantry-tree:
      size: 4766
      sha256: be349c50326cbe26f187bb1a5187443fa33c2a232ca05b9638fbd6c64ea8e2a3
    commit: 797a2672b4652a1764d61a313939a2050ff0ed7f
  original:
    subdir: gogol-monitoring
    git: https://github.com/brendanhay/gogol.git
    commit: 797a2672b4652a1764d61a313939a2050ff0ed7f
- completed:
    subdir: gogol-sheets
    name: gogol-sheets
    version: 0.5.0
    git: https://github.com/brendanhay/gogol.git
    pantry-tree:
      size: 2455
      sha256: 679e13dd91afc79c06545e5af0bb1b62d6390236e21856597802e11de7157999
    commit: 797a2672b4652a1764d61a313939a2050ff0ed7f
  original:
    subdir: gogol-sheets
    git: https://github.com/brendanhay/gogol.git
    commit: 797a2672b4652a1764d61a313939a2050ff0ed7f
snapshots:
- completed:
    size: 567241
    url: https://raw.githubusercontent.com/commercialhaskell/stackage-snapshots/master/lts/17/10.yaml
    sha256: 321b3b9f0c7f76994b39e0dabafdc76478274b4ff74cc5e43d410897a335ad3b
  original:
    url: https://raw.githubusercontent.com/commercialhaskell/stackage-snapshots/master/lts/17/10.yaml
